
Microsoft Visual Studio Solution File, Format Version 11.00
# Visual Studio 2010
Project("{FAE04EC0-301F-11D3-BF4B-00C04F79EFBC}") = "Falcon 9 Rocket Lander", "Assembly-CSharp.csproj", "{8A2B09B1-F873-2BA3-D20E-D4E14872E4CD}"
EndProject
Global
	GlobalSection(SolutionConfigurationPlatforms) = preSolution
		Debug|Any CPU = Debug|Any CPU
		Release|Any CPU = Release|Any CPU
	EndGlobalSection
	GlobalSection(ProjectConfigurationPlatforms) = postSolution
		{8A2B09B1-F873-2BA3-D20E-D4E14872E4CD}.Debug|Any CPU.ActiveCfg = Debug|Any CPU
		{8A2B09B1-F873-2BA3-D20E-D4E14872E4CD}.Debug|Any CPU.Build.0 = Debug|Any CPU
		{8A2B09B1-F873-2BA3-D20E-D4E14872E4CD}.Release|Any CPU.ActiveCfg = Release|Any CPU
		{8A2B09B1-F873-2BA3-D20E-D4E14872E4CD}.Release|Any CPU.Build.0 = Release|Any CPU
	EndGlobalSection
	GlobalSection(SolutionProperties) = preSolution
		HideSolutionNode = FALSE
	EndGlobalSection
	GlobalSection(MonoDevelopProperties) = preSolution
		StartupItem = Assembly-CSharp.csproj
	EndGlobalSection
EndGlobal
